PODS:
  - Alamofire (4.8.2)
  - Kingfisher (5.7.1)
  - PinLayout (1.8.9)
  - YandexMapKit (3.4):
    - YandexRuntime (= 3.4)
  - YandexRuntime (3.4)

DEPENDENCIES:
  - Alamofire
  - Kingfisher
  - PinLayout
  - YandexMapKit (= 3.4)

SPEC REPOS:
  https://github.com/cocoapods/specs.git:
    - Alamofire
    - Kingfisher
    - PinLayout
    - YandexMapKit
    - YandexRuntime

SPEC CHECKSUMS:
  Alamofire: ae5c501addb7afdbb13687d7f2f722c78734c2d3
  Kingfisher: 176d377ad339113c99ad4980cbae687f807e20fe
  PinLayout: f7237c104696f409470947fee3ac82e239cac367
  YandexMapKit: f222923561fe159dd8480d927f61950fc5ff3b8d
  YandexRuntime: 2547d72a3ce4757f16ad188cfbe8a124ae13d806

PODFILE CHECKSUM: df46cf57da305c2c665ba8787ff1a40228284708

COCOAPODS: 1.7.3
